
Microsoft Visual Studio Solution File, Format Version 12.00
# Visual Studio Version 17
VisualStudioVersion = 17.8.34330.188
MinimumVisualStudioVersion = 10.0.40219.1
Project("{FAE04EC0-301F-11D3-BF4B-00C04F79EFBC}") = "ООП лаба 8 события", "ООП лаба 8 события\ООП лаба 8 события.csproj", "{6AD2443D-4D21-4902-AEA2-93EAE874CD17}"
EndProject
Global
	GlobalSection(SolutionConfigurationPlatforms) = preSolution
		Debug|Any CPU = Debug|Any CPU
		Release|Any CPU = Release|Any CPU
	EndGlobalSection
	GlobalSection(ProjectConfigurationPlatforms) = postSolution
		{6AD2443D-4D21-4902-AEA2-93EAE874CD17}.Debug|Any CPU.ActiveCfg = Debug|Any CPU
		{6AD2443D-4D21-4902-AEA2-93EAE874CD17}.Debug|Any CPU.Build.0 = Debug|Any CPU
		{6AD2443D-4D21-4902-AEA2-93EAE874CD17}.Release|Any CPU.ActiveCfg = Release|Any CPU
		{6AD2443D-4D21-4902-AEA2-93EAE874CD17}.Release|Any CPU.Build.0 = Release|Any CPU
	EndGlobalSection
	GlobalSection(SolutionProperties) = preSolution
		HideSolutionNode = FALSE
	EndGlobalSection
	GlobalSection(ExtensibilityGlobals) = postSolution
		SolutionGuid = {E658395E-8612-4611-9411-73D76AA6208C}
	EndGlobalSection
EndGlobal
